
Microsoft Visual Studio Solution File, Format Version 12.00
# Visual Studio 14
VisualStudioVersion = 14.0.25420.1
MinimumVisualStudioVersion = 10.0.40219.1
Project("{FAE04EC0-301F-11D3-BF4B-00C04F79EFBC}") = "App2.Android", "App2\App2.Android\App2.Android.csproj", "{7C1BAAA3-59B1-43AE-8B2A-720A67AA7989}"
EndProject
Project("{FAE04EC0-301F-11D3-BF4B-00C04F79EFBC}") = "App2", "App2\App2\App2.csproj", "{E474356E-AE29-45D0-8481-7895684373F3}"
EndProject
Project("{FAE04EC0-301F-11D3-BF4B-00C04F79EFBC}") = "App2.iOS", "App2\App2.iOS\App2.iOS.csproj", "{ED1079DA-F00B-4B6A-BF43-263FE3B99EF9}"
EndProject
Global
	GlobalSection(SolutionConfigurationPlatforms) = preSolution
		Ad-Hoc|Any CPU = Ad-Hoc|Any CPU
		Ad-Hoc|iPhone = Ad-Hoc|iPhone
		Ad-Hoc|iPhoneSimulator = Ad-Hoc|iPhoneSimulator
		AppStore|Any CPU = AppStore|Any CPU
		AppStore|iPhone = AppStore|iPhone
		AppStore|iPhoneSimulator = AppStore|iPhoneSimulator
		Debug|Any CPU = Debug|Any CPU
		Debug|iPhone = Debug|iPhone
		Debug|iPhoneSimulator = Debug|iPhoneSimulator
		Release|Any CPU = Release|Any CPU
		Release|iPhone = Release|iPhone
		Release|iPhoneSimulator = Release|iPhoneSimulator
	EndGlobalSection
	GlobalSection(ProjectConfigurationPlatforms) = postSolution
		{7C1BAAA3-59B1-43AE-8B2A-720A67AA7989}.Ad-Hoc|Any CPU.ActiveCfg = Release|Any CPU
		{7C1BAAA3-59B1-43AE-8B2A-720A67AA7989}.Ad-Hoc|Any CPU.Build.0 = Release|Any CPU
		{7C1BAAA3-59B1-43AE-8B2A-720A67AA7989}.Ad-Hoc|Any CPU.Deploy.0 = Release|Any CPU
		{7C1BAAA3-59B1-43AE-8B2A-720A67AA7989}.Ad-Hoc|iPhone.ActiveCfg = Release|Any CPU
		{7C1BAAA3-59B1-43AE-8B2A-720A67AA7989}.Ad-Hoc|iPhone.Build.0 = Release|Any CPU
		{7C1BAAA3-59B1-43AE-8B2A-720A67AA7989}.Ad-Hoc|iPhone.Deploy.0 = Release|Any CPU
		{7C1BAAA3-59B1-43AE-8B2A-720A67AA7989}.Ad-Hoc|iPhoneSimulator.ActiveCfg = Release|Any CPU
		{7C1BAAA3-59B1-43AE-8B2A-720A67AA7989}.Ad-Hoc|iPhoneSimulator.Build.0 = Release|Any CPU
		{7C1BAAA3-59B1-43AE-8B2A-720A67AA7989}.Ad-Hoc|iPhoneSimulator.Deploy.0 = Release|Any CPU
		{7C1BAAA3-59B1-43AE-8B2A-720A67AA7989}.AppStore|Any CPU.ActiveCfg = Release|Any CPU
		{7C1BAAA3-59B1-43AE-8B2A-720A67AA7989}.AppStore|Any CPU.Build.0 = Release|Any CPU
		{7C1BAAA3-59B1-43AE-8B2A-720A67AA7989}.AppStore|Any CPU.Deploy.0 = Release|Any CPU
		{7C1BAAA3-59B1-43AE-8B2A-720A67AA7989}.AppStore|iPhone.ActiveCfg = Release|Any CPU
		{7C1BAAA3-59B1-43AE-8B2A-720A67AA7989}.AppStore|iPhone.Build.0 = Release|Any CPU
		{7C1BAAA3-59B1-43AE-8B2A-720A67AA7989}.AppStore|iPhone.Deploy.0 = Release|Any CPU
		{7C1BAAA3-59B1-43AE-8B2A-720A67AA7989}.AppStore|iPhoneSimulator.ActiveCfg = Release|Any CPU
		{7C1BAAA3-59B1-43AE-8B2A-720A67AA7989}.AppStore|iPhoneSimulator.Build.0 = Release|Any CPU
		{7C1BAAA3-59B1-43AE-8B2A-720A67AA7989}.AppStore|iPhoneSimulator.Deploy.0 = Release|Any CPU
		{7C1BAAA3-59B1-43AE-8B2A-720A67AA7989}.Debug|Any CPU.ActiveCfg = Debug|Any CPU
		{7C1BAAA3-59B1-43AE-8B2A-720A67AA7989}.Debug|Any CPU.Build.0 = Debug|Any CPU
		{7C1BAAA3-59B1-43AE-8B2A-720A67AA7989}.Debug|Any CPU.Deploy.0 = Debug|Any CPU
		{7C1BAAA3-59B1-43AE-8B2A-720A67AA7989}.Debug|iPhone.ActiveCfg = Debug|Any CPU
		{7C1BAAA3-59B1-43AE-8B2A-720A67AA7989}.Debug|iPhone.Build.0 = Debug|Any CPU
		{7C1BAAA3-59B1-43AE-8B2A-720A67AA7989}.Debug|iPhone.Deploy.0 = Debug|Any CPU
		{7C1BAAA3-59B1-43AE-8B2A-720A67AA7989}.Debug|iPhoneSimulator.ActiveCfg = Debug|Any CPU
		{7C1BAAA3-59B1-43AE-8B2A-720A67AA7989}.Debug|iPhoneSimulator.Build.0 = Debug|Any CPU
		{7C1BAAA3-59B1-43AE-8B2A-720A67AA7989}.Debug|iPhoneSimulator.Deploy.0 = Debug|Any CPU
		{7C1BAAA3-59B1-43AE-8B2A-720A67AA7989}.Release|Any CPU.ActiveCfg = Release|Any CPU
		{7C1BAAA3-59B1-43AE-8B2A-720A67AA7989}.Release|Any CPU.Build.0 = Release|Any CPU
		{7C1BAAA3-59B1-43AE-8B2A-720A67AA7989}.Release|Any CPU.Deploy.0 = Release|Any CPU
		{7C1BAAA3-59B1-43AE-8B2A-720A67AA7989}.Release|iPhone.ActiveCfg = Release|Any CPU
		{7C1BAAA3-59B1-43AE-8B2A-720A67AA7989}.Release|iPhone.Build.0 = Release|Any CPU
		{7C1BAAA3-59B1-43AE-8B2A-720A67AA7989}.Release|iPhone.Deploy.0 = Release|Any CPU
		{7C1BAAA3-59B1-43AE-8B2A-720A67AA7989}.Release|iPhoneSimulator.ActiveCfg = Release|Any CPU
		{7C1BAAA3-59B1-43AE-8B2A-720A67AA7989}.Release|iPhoneSimulator.Build.0 = Release|Any CPU
		{7C1BAAA3-59B1-43AE-8B2A-720A67AA7989}.Release|iPhoneSimulator.Deploy.0 = Release|Any CPU
		{E474356E-AE29-45D0-8481-7895684373F3}.Ad-Hoc|Any CPU.ActiveCfg = Release|Any CPU
		{E474356E-AE29-45D0-8481-7895684373F3}.Ad-Hoc|Any CPU.Build.0 = Release|Any CPU
		{E474356E-AE29-45D0-8481-7895684373F3}.Ad-Hoc|iPhone.ActiveCfg = Release|Any CPU
		{E474356E-AE29-45D0-8481-7895684373F3}.Ad-Hoc|iPhone.Build.0 = Release|Any CPU
		{E474356E-AE29-45D0-8481-7895684373F3}.Ad-Hoc|iPhoneSimulator.ActiveCfg = Release|Any CPU
		{E474356E-AE29-45D0-8481-7895684373F3}.Ad-Hoc|iPhoneSimulator.Build.0 = Release|Any CPU
		{E474356E-AE29-45D0-8481-7895684373F3}.AppStore|Any CPU.ActiveCfg = Release|Any CPU
		{E474356E-AE29-45D0-8481-7895684373F3}.AppStore|Any CPU.Build.0 = Release|Any CPU
		{E474356E-AE29-45D0-8481-7895684373F3}.AppStore|iPhone.ActiveCfg = Release|Any CPU
		{E474356E-AE29-45D0-8481-7895684373F3}.AppStore|iPhone.Build.0 = Release|Any CPU
		{E474356E-AE29-45D0-8481-7895684373F3}.AppStore|iPhoneSimulator.ActiveCfg = Release|Any CPU
		{E474356E-AE29-45D0-8481-7895684373F3}.AppStore|iPhoneSimulator.Build.0 = Release|Any CPU
		{E474356E-AE29-45D0-8481-7895684373F3}.Debug|Any CPU.ActiveCfg = Debug|Any CPU
		{E474356E-AE29-45D0-8481-7895684373F3}.Debug|Any CPU.Build.0 = Debug|Any CPU
		{E474356E-AE29-45D0-8481-7895684373F3}.Debug|iPhone.ActiveCfg = Debug|Any CPU
		{E474356E-AE29-45D0-8481-7895684373F3}.Debug|iPhone.Build.0 = Debug|Any CPU
		{E474356E-AE29-45D0-8481-7895684373F3}.Debug|iPhoneSimulator.ActiveCfg = Debug|Any CPU
		{E474356E-AE29-45D0-8481-7895684373F3}.Debug|iPhoneSimulator.Build.0 = Debug|Any CPU
		{E474356E-AE29-45D0-8481-7895684373F3}.Release|Any CPU.ActiveCfg = Release|Any CPU
		{E474356E-AE29-45D0-8481-7895684373F3}.Release|Any CPU.Build.0 = Release|Any CPU
		{E474356E-AE29-45D0-8481-7895684373F3}.Release|iPhone.ActiveCfg = Release|Any CPU
		{E474356E-AE29-45D0-8481-7895684373F3}.Release|iPhone.Build.0 = Release|Any CPU
		{E474356E-AE29-45D0-8481-7895684373F3}.Release|iPhoneSimulator.ActiveCfg = Release|Any CPU
		{E474356E-AE29-45D0-8481-7895684373F3}.Release|iPhoneSimulator.Build.0 = Release|Any CPU
		{ED1079DA-F00B-4B6A-BF43-263FE3B99EF9}.Ad-Hoc|Any CPU.ActiveCfg = Ad-Hoc|iPhone
		{ED1079DA-F00B-4B6A-BF43-263FE3B99EF9}.Ad-Hoc|iPhone.ActiveCfg = Ad-Hoc|iPhone
		{ED1079DA-F00B-4B6A-BF43-263FE3B99EF9}.Ad-Hoc|iPhone.Build.0 = Ad-Hoc|iPhone
		{ED1079DA-F00B-4B6A-BF43-263FE3B99EF9}.Ad-Hoc|iPhoneSimulator.ActiveCfg = Ad-Hoc|iPhoneSimulator
		{ED1079DA-F00B-4B6A-BF43-263FE3B99EF9}.Ad-Hoc|iPhoneSimulator.Build.0 = Ad-Hoc|iPhoneSimulator
		{ED1079DA-F00B-4B6A-BF43-263FE3B99EF9}.AppStore|Any CPU.ActiveCfg = AppStore|iPhone
		{ED1079DA-F00B-4B6A-BF43-263FE3B99EF9}.AppStore|iPhone.ActiveCfg = AppStore|iPhone
		{ED1079DA-F00B-4B6A-BF43-263FE3B99EF9}.AppStore|iPhone.Build.0 = AppStore|iPhone
		{ED1079DA-F00B-4B6A-BF43-263FE3B99EF9}.AppStore|iPhoneSimulator.ActiveCfg = AppStore|iPhoneSimulator
		{ED1079DA-F00B-4B6A-BF43-263FE3B99EF9}.AppStore|iPhoneSimulator.Build.0 = AppStore|iPhoneSimulator
		{ED1079DA-F00B-4B6A-BF43-263FE3B99EF9}.Debug|Any CPU.ActiveCfg = Debug|iPhone
		{ED1079DA-F00B-4B6A-BF43-263FE3B99EF9}.Debug|iPhone.ActiveCfg = Debug|iPhone
		{ED1079DA-F00B-4B6A-BF43-263FE3B99EF9}.Debug|iPhone.Build.0 = Debug|iPhone
		{ED1079DA-F00B-4B6A-BF43-263FE3B99EF9}.Debug|iPhoneSimulator.ActiveCfg = Debug|iPhoneSimulator
		{ED1079DA-F00B-4B6A-BF43-263FE3B99EF9}.Debug|iPhoneSimulator.Build.0 = Debug|iPhoneSimulator
		{ED1079DA-F00B-4B6A-BF43-263FE3B99EF9}.Release|Any CPU.ActiveCfg = Release|iPhone
		{ED1079DA-F00B-4B6A-BF43-263FE3B99EF9}.Release|iPhone.ActiveCfg = Release|iPhone
		{ED1079DA-F00B-4B6A-BF43-263FE3B99EF9}.Release|iPhone.Build.0 = Release|iPhone
		{ED1079DA-F00B-4B6A-BF43-263FE3B99EF9}.Release|iPhoneSimulator.ActiveCfg = Release|iPhoneSimulator
		{ED1079DA-F00B-4B6A-BF43-263FE3B99EF9}.Release|iPhoneSimulator.Build.0 = Release|iPhoneSimulator
	EndGlobalSection
	GlobalSection(SolutionProperties) = preSolution
		HideSolutionNode = FALSE
	EndGlobalSection
EndGlobal
